
Microsoft Visual Studio Solution File, Format Version 12.00
# Visual Studio Version 17
VisualStudioVersion = 17.10.35027.167
MinimumVisualStudioVersion = 10.0.40219.1
Project("{FAE04EC0-301F-11D3-BF4B-00C04F79EFBC}") = "assign", "assign\assign.csproj", "{76E8FDF5-B2B2-4CCE-97C4-4886FB93CE79}"
EndProject
Global
	GlobalSection(SolutionConfigurationPlatforms) = preSolution
		Debug|Any CPU = Debug|Any CPU
		Release|Any CPU = Release|Any CPU
	EndGlobalSection
	GlobalSection(ProjectConfigurationPlatforms) = postSolution
		{76E8FDF5-B2B2-4CCE-97C4-4886FB93CE79}.Debug|Any CPU.ActiveCfg = Debug|Any CPU
		{76E8FDF5-B2B2-4CCE-97C4-4886FB93CE79}.Debug|Any CPU.Build.0 = Debug|Any CPU
		{76E8FDF5-B2B2-4CCE-97C4-4886FB93CE79}.Release|Any CPU.ActiveCfg = Release|Any CPU
		{76E8FDF5-B2B2-4CCE-97C4-4886FB93CE79}.Release|Any CPU.Build.0 = Release|Any CPU
	EndGlobalSection
	GlobalSection(SolutionProperties) = preSolution
		HideSolutionNode = FALSE
	EndGlobalSection
	GlobalSection(ExtensibilityGlobals) = postSolution
		SolutionGuid = {970FD286-1F7A-4360-9A98-A616243B5727}
	EndGlobalSection
EndGlobal
